
Microsoft Visual Studio Solution File, Format Version 12.00
# Visual Studio Version 17
VisualStudioVersion = 17.0.32014.148
MinimumVisualStudioVersion = 10.0.40219.1
Project("{9A19103F-16F7-4668-BE54-9A1E7A4F7556}") = "App.Server", "App.Server\App.Server.csproj", "{54F20792-926D-4371-9150-97760C6B19F5}"
EndProject
Project("{2150E333-8FDC-42A3-9474-1A3956D46DE8}") = "actions", "actions", "{E92EC122-823D-4E98-8156-102DE422C2E6}"
	ProjectSection(SolutionItems) = preProject
		.github\workflows\main.yml = .github\workflows\main.yml
	EndProjectSection
EndProject
Global
	GlobalSection(SolutionConfigurationPlatforms) = preSolution
		Debug|Any CPU = Debug|Any CPU
		Release|Any CPU = Release|Any CPU
	EndGlobalSection
	GlobalSection(ProjectConfigurationPlatforms) = postSolution
		{54F20792-926D-4371-9150-97760C6B19F5}.Debug|Any CPU.ActiveCfg = Debug|Any CPU
		{54F20792-926D-4371-9150-97760C6B19F5}.Debug|Any CPU.Build.0 = Debug|Any CPU
		{54F20792-926D-4371-9150-97760C6B19F5}.Release|Any CPU.ActiveCfg = Release|Any CPU
		{54F20792-926D-4371-9150-97760C6B19F5}.Release|Any CPU.Build.0 = Release|Any CPU
	EndGlobalSection
	GlobalSection(SolutionProperties) = preSolution
		HideSolutionNode = FALSE
	EndGlobalSection
	GlobalSection(ExtensibilityGlobals) = postSolution
		SolutionGuid = {1FC6F0FA-F996-4559-890F-F17B0E8BE979}
	EndGlobalSection
EndGlobal
