
Microsoft Visual Studio Solution File, Format Version 12.00
# Visual Studio Version 17
VisualStudioVersion = 17.0.32014.148
MinimumVisualStudioVersion = 10.0.40219.1
Project("{9A19103F-16F7-4668-BE54-9A1E7A4F7556}") = "App.Server", "App.Server\App.Server.csproj", "{54F20792-926D-4371-9150-97760C6B19F5}"
EndProject
Project("{2150E333-8FDC-42A3-9474-1A3956D46DE8}") = "Files", "Files", "{E92EC122-823D-4E98-8156-102DE422C2E6}"
	ProjectSection(SolutionItems) = preProject
		.github\workflows\branch.yml = .github\workflows\branch.yml
		.github\workflows\main.yml = .github\workflows\main.yml
		README.md = README.md
	EndProjectSection
EndProject
Project("{9A19103F-16F7-4668-BE54-9A1E7A4F7556}") = "App.Tests", "App.Tests\App.Tests.csproj", "{8D3142FD-4787-4463-83CF-8D9D60DC0D78}"
EndProject
Project("{FAE04EC0-301F-11D3-BF4B-00C04F79EFBC}") = "R4", "R4\R4.csproj", "{1A63B726-9D49-4ABD-ADEB-06815BC7266E}"
EndProject
Project("{FAE04EC0-301F-11D3-BF4B-00C04F79EFBC}") = "R4.Web", "R4.Web\R4.Web.csproj", "{00E29FD8-CEBA-43E7-B296-AC3A1871B90D}"
EndProject
Global
	GlobalSection(SolutionConfigurationPlatforms) = preSolution
		Debug|Any CPU = Debug|Any CPU
		Release|Any CPU = Release|Any CPU
	EndGlobalSection
	GlobalSection(ProjectConfigurationPlatforms) = postSolution
		{54F20792-926D-4371-9150-97760C6B19F5}.Debug|Any CPU.ActiveCfg = Debug|Any CPU
		{54F20792-926D-4371-9150-97760C6B19F5}.Debug|Any CPU.Build.0 = Debug|Any CPU
		{54F20792-926D-4371-9150-97760C6B19F5}.Release|Any CPU.ActiveCfg = Release|Any CPU
		{54F20792-926D-4371-9150-97760C6B19F5}.Release|Any CPU.Build.0 = Release|Any CPU
		{8D3142FD-4787-4463-83CF-8D9D60DC0D78}.Debug|Any CPU.ActiveCfg = Debug|Any CPU
		{8D3142FD-4787-4463-83CF-8D9D60DC0D78}.Debug|Any CPU.Build.0 = Debug|Any CPU
		{8D3142FD-4787-4463-83CF-8D9D60DC0D78}.Release|Any CPU.ActiveCfg = Release|Any CPU
		{8D3142FD-4787-4463-83CF-8D9D60DC0D78}.Release|Any CPU.Build.0 = Release|Any CPU
		{1A63B726-9D49-4ABD-ADEB-06815BC7266E}.Debug|Any CPU.ActiveCfg = Debug|Any CPU
		{1A63B726-9D49-4ABD-ADEB-06815BC7266E}.Debug|Any CPU.Build.0 = Debug|Any CPU
		{1A63B726-9D49-4ABD-ADEB-06815BC7266E}.Release|Any CPU.ActiveCfg = Release|Any CPU
		{1A63B726-9D49-4ABD-ADEB-06815BC7266E}.Release|Any CPU.Build.0 = Release|Any CPU
		{00E29FD8-CEBA-43E7-B296-AC3A1871B90D}.Debug|Any CPU.ActiveCfg = Debug|Any CPU
		{00E29FD8-CEBA-43E7-B296-AC3A1871B90D}.Debug|Any CPU.Build.0 = Debug|Any CPU
		{00E29FD8-CEBA-43E7-B296-AC3A1871B90D}.Release|Any CPU.ActiveCfg = Release|Any CPU
		{00E29FD8-CEBA-43E7-B296-AC3A1871B90D}.Release|Any CPU.Build.0 = Release|Any CPU
	EndGlobalSection
	GlobalSection(SolutionProperties) = preSolution
		HideSolutionNode = FALSE
	EndGlobalSection
	GlobalSection(ExtensibilityGlobals) = postSolution
		SolutionGuid = {1FC6F0FA-F996-4559-890F-F17B0E8BE979}
	EndGlobalSection
EndGlobal
